// !$*UTF8*$!
{
	archiveVersion = 1;
	classes = {
	};
	objectVersion = 52;
	objects = {

/* Begin PBXBuildFile section */
		CA23398426B4FC4000A23F01 /* GoogleService-Info.plist in Resources */ = {isa = PBXBuildFile; fileRef = CA23398326B4FC4000A23F01 /* GoogleService-Info.plist */; };
		CA437F2026BE84F300406575 /* Feed.swift in Sources */ = {isa = PBXBuildFile; fileRef = CA437F1F26BE84F300406575 /* Feed.swift */; };
		CA437F2226BE853700406575 /* FeedTableViewController.swift in Sources */ = {isa = PBXBuildFile; fileRef = CA437F2126BE853700406575 /* FeedTableViewController.swift */; };
		CA437F2526BE859800406575 /* FeedAPI.swift in Sources */ = {isa = PBXBuildFile; fileRef = CA437F2426BE859800406575 /* FeedAPI.swift */; };
		CA6A8FDC2695F76C00009ABC /* AppDelegate.swift in Sources */ = {isa = PBXBuildFile; fileRef = CA6A8FDB2695F76C00009ABC /* AppDelegate.swift */; };
		CA6A8FDE2695F76C00009ABC /* SceneDelegate.swift in Sources */ = {isa = PBXBuildFile; fileRef = CA6A8FDD2695F76C00009ABC /* SceneDelegate.swift */; };
		CA6A8FE32695F76C00009ABC /* Main.storyboard in Resources */ = {isa = PBXBuildFile; fileRef = CA6A8FE12695F76C00009ABC /* Main.storyboard */; };
		CA6A8FE52695F77100009ABC /* Assets.xcassets in Resources */ = {isa = PBXBuildFile; fileRef = CA6A8FE42695F77100009ABC /* Assets.xcassets */; };
		CA6A8FE82695F77100009ABC /* LaunchScreen.storyboard in Resources */ = {isa = PBXBuildFile; fileRef = CA6A8FE62695F77100009ABC /* LaunchScreen.storyboard */; };
		CA7A668126BEF17800B5E19C /* FeedTableViewCell.swift in Sources */ = {isa = PBXBuildFile; fileRef = CA7A668026BEF17800B5E19C /* FeedTableViewCell.swift */; };
		CAC13DE4269DED8A00C79A7D /* GroupTableViewCellNoDesc.swift in Sources */ = {isa = PBXBuildFile; fileRef = CAC13DE3269DED8A00C79A7D /* GroupTableViewCellNoDesc.swift */; };
		CAC13DE6269DFB9900C79A7D /* PhotoCollectionViewController.swift in Sources */ = {isa = PBXBuildFile; fileRef = CAC13DE5269DFB9900C79A7D /* PhotoCollectionViewController.swift */; };
		CAC13DE9269E00EC00C79A7D /* PhotoAPI.swift in Sources */ = {isa = PBXBuildFile; fileRef = CAC13DE8269E00EC00C79A7D /* PhotoAPI.swift */; };
		CAC13DEE269E05CA00C79A7D /* Photo.swift in Sources */ = {isa = PBXBuildFile; fileRef = CAC13DED269E05CA00C79A7D /* Photo.swift */; };
		CAC13DF0269E0B9B00C79A7D /* PhotoCollectionViewCell.swift in Sources */ = {isa = PBXBuildFile; fileRef = CAC13DEF269E0B9B00C79A7D /* PhotoCollectionViewCell.swift */; };
		CACCC30F269D7ED10024C5BF /* Alamofire in Frameworks */ = {isa = PBXBuildFile; productRef = CACCC30E269D7ED10024C5BF /* Alamofire */; };
		CACCC311269D82510024C5BF /* RoundedImageView.swift in Sources */ = {isa = PBXBuildFile; fileRef = CACCC310269D82510024C5BF /* RoundedImageView.swift */; };
		CACCC315269D87060024C5BF /* User.swift in Sources */ = {isa = PBXBuildFile; fileRef = CACCC314269D87060024C5BF /* User.swift */; };
		CACCC317269D88010024C5BF /* UserAPI.swift in Sources */ = {isa = PBXBuildFile; fileRef = CACCC316269D88010024C5BF /* UserAPI.swift */; };
		CACCC319269D8FFF0024C5BF /* UserInfoViewController.swift in Sources */ = {isa = PBXBuildFile; fileRef = CACCC318269D8FFF0024C5BF /* UserInfoViewController.swift */; };
		CACCC31C269DAABA0024C5BF /* AlamofireImage in Frameworks */ = {isa = PBXBuildFile; productRef = CACCC31B269DAABA0024C5BF /* AlamofireImage */; };
		CACCC31E269DBCDE0024C5BF /* Group.swift in Sources */ = {isa = PBXBuildFile; fileRef = CACCC31D269DBCDE0024C5BF /* Group.swift */; };
		CACCC320269DC2FB0024C5BF /* GroupTableViewController.swift in Sources */ = {isa = PBXBuildFile; fileRef = CACCC31F269DC2FB0024C5BF /* GroupTableViewController.swift */; };
		CACCC322269DC3E10024C5BF /* GroupTableViewCell.swift in Sources */ = {isa = PBXBuildFile; fileRef = CACCC321269DC3E10024C5BF /* GroupTableViewCell.swift */; };
		CACCC324269DCAE00024C5BF /* GroupAPI.swift in Sources */ = {isa = PBXBuildFile; fileRef = CACCC323269DCAE00024C5BF /* GroupAPI.swift */; };
		CAD3ABE0269892090020BF1F /* FirstViewController.swift in Sources */ = {isa = PBXBuildFile; fileRef = CAD3ABDF269892090020BF1F /* FirstViewController.swift */; };
		CAD3ABE4269892E20020BF1F /* Session.swift in Sources */ = {isa = PBXBuildFile; fileRef = CAD3ABE3269892E20020BF1F /* Session.swift */; };
/* End PBXBuildFile section */

/* Begin PBXFileReference section */
		CA23398326B4FC4000A23F01 /* GoogleService-Info.plist */ = {isa = PBXFileReference; fileEncoding = 4; lastKnownFileType = text.plist.xml; path = "GoogleService-Info.plist"; sourceTree = "<group>"; };
		CA437F1F26BE84F300406575 /* Feed.swift */ = {isa = PBXFileReference; lastKnownFileType = sourcecode.swift; path = Feed.swift; sourceTree = "<group>"; };
		CA437F2126BE853700406575 /* FeedTableViewController.swift */ = {isa = PBXFileReference; lastKnownFileType = sourcecode.swift; path = FeedTableViewController.swift; sourceTree = "<group>"; };
		CA437F2426BE859800406575 /* FeedAPI.swift */ = {isa = PBXFileReference; lastKnownFileType = sourcecode.swift; path = FeedAPI.swift; sourceTree = "<group>"; };
		CA6A8FD82695F76C00009ABC /* ys-client-server-1347.app */ = {isa = PBXFileReference; explicitFileType = wrapper.application; includeInIndex = 0; path = "ys-client-server-1347.app"; sourceTree = BUILT_PRODUCTS_DIR; };
		CA6A8FDB2695F76C00009ABC /* AppDelegate.swift */ = {isa = PBXFileReference; lastKnownFileType = sourcecode.swift; path = AppDelegate.swift; sourceTree = "<group>"; };
		CA6A8FDD2695F76C00009ABC /* SceneDelegate.swift */ = {isa = PBXFileReference; lastKnownFileType = sourcecode.swift; path = SceneDelegate.swift; sourceTree = "<group>"; };
		CA6A8FE22695F76C00009ABC /* Base */ = {isa = PBXFileReference; lastKnownFileType = file.storyboard; name = Base; path = Base.lproj/Main.storyboard; sourceTree = "<group>"; };
		CA6A8FE42695F77100009ABC /* Assets.xcassets */ = {isa = PBXFileReference; lastKnownFileType = folder.assetcatalog; path = Assets.xcassets; sourceTree = "<group>"; };
		CA6A8FE72695F77100009ABC /* Base */ = {isa = PBXFileReference; lastKnownFileType = file.storyboard; name = Base; path = Base.lproj/LaunchScreen.storyboard; sourceTree = "<group>"; };
		CA6A8FE92695F77100009ABC /* Info.plist */ = {isa = PBXFileReference; lastKnownFileType = text.plist.xml; path = Info.plist; sourceTree = "<group>"; };
		CA7A668026BEF17800B5E19C /* FeedTableViewCell.swift */ = {isa = PBXFileReference; lastKnownFileType = sourcecode.swift; path = FeedTableViewCell.swift; sourceTree = "<group>"; };
		CAC13DE3269DED8A00C79A7D /* GroupTableViewCellNoDesc.swift */ = {isa = PBXFileReference; lastKnownFileType = sourcecode.swift; path = GroupTableViewCellNoDesc.swift; sourceTree = "<group>"; };
		CAC13DE5269DFB9900C79A7D /* PhotoCollectionViewController.swift */ = {isa = PBXFileReference; lastKnownFileType = sourcecode.swift; path = PhotoCollectionViewController.swift; sourceTree = "<group>"; };
		CAC13DE8269E00EC00C79A7D /* PhotoAPI.swift */ = {isa = PBXFileReference; lastKnownFileType = sourcecode.swift; path = PhotoAPI.swift; sourceTree = "<group>"; };
		CAC13DED269E05CA00C79A7D /* Photo.swift */ = {isa = PBXFileReference; lastKnownFileType = sourcecode.swift; path = Photo.swift; sourceTree = "<group>"; };
		CAC13DEF269E0B9B00C79A7D /* PhotoCollectionViewCell.swift */ = {isa = PBXFileReference; lastKnownFileType = sourcecode.swift; path = PhotoCollectionViewCell.swift; sourceTree = "<group>"; };
		CACCC310269D82510024C5BF /* RoundedImageView.swift */ = {isa = PBXFileReference; lastKnownFileType = sourcecode.swift; path = RoundedImageView.swift; sourceTree = "<group>"; };
		CACCC314269D87060024C5BF /* User.swift */ = {isa = PBXFileReference; lastKnownFileType = sourcecode.swift; path = User.swift; sourceTree = "<group>"; };
		CACCC316269D88010024C5BF /* UserAPI.swift */ = {isa = PBXFileReference; lastKnownFileType = sourcecode.swift; path = UserAPI.swift; sourceTree = "<group>"; };
		CACCC318269D8FFF0024C5BF /* UserInfoViewController.swift */ = {isa = PBXFileReference; lastKnownFileType = sourcecode.swift; path = UserInfoViewController.swift; sourceTree = "<group>"; };
		CACCC31D269DBCDE0024C5BF /* Group.swift */ = {isa = PBXFileReference; lastKnownFileType = sourcecode.swift; path = Group.swift; sourceTree = "<group>"; };
		CACCC31F269DC2FB0024C5BF /* GroupTableViewController.swift */ = {isa = PBXFileReference; lastKnownFileType = sourcecode.swift; path = GroupTableViewController.swift; sourceTree = "<group>"; };
		CACCC321269DC3E10024C5BF /* GroupTableViewCell.swift */ = {isa = PBXFileReference; lastKnownFileType = sourcecode.swift; path = GroupTableViewCell.swift; sourceTree = "<group>"; };
		CACCC323269DCAE00024C5BF /* GroupAPI.swift */ = {isa = PBXFileReference; lastKnownFileType = sourcecode.swift; path = GroupAPI.swift; sourceTree = "<group>"; };
		CAD3ABDF269892090020BF1F /* FirstViewController.swift */ = {isa = PBXFileReference; lastKnownFileType = sourcecode.swift; path = FirstViewController.swift; sourceTree = "<group>"; };
		CAD3ABE3269892E20020BF1F /* Session.swift */ = {isa = PBXFileReference; lastKnownFileType = sourcecode.swift; path = Session.swift; sourceTree = "<group>"; };
/* End PBXFileReference section */

/* Begin PBXFrameworksBuildPhase section */
		CA6A8FD52695F76C00009ABC /* Frameworks */ = {
			isa = PBXFrameworksBuildPhase;
			buildActionMask = 2147483647;
			files = (
				CACCC30F269D7ED10024C5BF /* Alamofire in Frameworks */,
				CACCC31C269DAABA0024C5BF /* AlamofireImage in Frameworks */,
			);
			runOnlyForDeploymentPostprocessing = 0;
		};
/* End PBXFrameworksBuildPhase section */

/* Begin PBXGroup section */
		CA2738F7269D44BE00921FA9 /* homework */ = {
			isa = PBXGroup;
			children = (
				CACCC313269D84C20024C5BF /* Models */,
				CAABB45A26995D8F004944AE /* Services */,
				CA2738F8269D46C700921FA9 /* Controllers */,
			);
			path = homework;
			sourceTree = "<group>";
		};
		CA2738F8269D46C700921FA9 /* Controllers */ = {
			isa = PBXGroup;
			children = (
				CAC13DE1269DECA000C79A7D /* User */,
				CAC13DE7269DFBA100C79A7D /* Photos */,
				CAC13DE2269DECAA00C79A7D /* Groups */,
				CACCC312269D83A10024C5BF /* CustomUIControllers */,
				CAD3ABDF269892090020BF1F /* FirstViewController.swift */,
				CA437F2326BE853C00406575 /* Feed */,
			);
			path = Controllers;
			sourceTree = "<group>";
		};
		CA437F2326BE853C00406575 /* Feed */ = {
			isa = PBXGroup;
			children = (
				CA437F2126BE853700406575 /* FeedTableViewController.swift */,
				CA7A668026BEF17800B5E19C /* FeedTableViewCell.swift */,
			);
			path = Feed;
			sourceTree = "<group>";
		};
		CA6A8FCF2695F76C00009ABC = {
			isa = PBXGroup;
			children = (
				CA6A8FDA2695F76C00009ABC /* ys-client-server-1347 */,
				CA6A8FD92695F76C00009ABC /* Products */,
			);
			sourceTree = "<group>";
		};
		CA6A8FD92695F76C00009ABC /* Products */ = {
			isa = PBXGroup;
			children = (
				CA6A8FD82695F76C00009ABC /* ys-client-server-1347.app */,
			);
			name = Products;
			sourceTree = "<group>";
		};
		CA6A8FDA2695F76C00009ABC /* ys-client-server-1347 */ = {
			isa = PBXGroup;
			children = (
				CA6A8FDB2695F76C00009ABC /* AppDelegate.swift */,
				CA6A8FDD2695F76C00009ABC /* SceneDelegate.swift */,
				CA2738F7269D44BE00921FA9 /* homework */,
				CA6A8FEF2695F7EB00009ABC /* Resources */,
			);
			path = "ys-client-server-1347";
			sourceTree = "<group>";
		};
		CA6A8FEF2695F7EB00009ABC /* Resources */ = {
			isa = PBXGroup;
			children = (
				CA6A8FE12695F76C00009ABC /* Main.storyboard */,
				CA6A8FE42695F77100009ABC /* Assets.xcassets */,
				CA6A8FE62695F77100009ABC /* LaunchScreen.storyboard */,
				CA23398326B4FC4000A23F01 /* GoogleService-Info.plist */,
				CA6A8FE92695F77100009ABC /* Info.plist */,
			);
			path = Resources;
			sourceTree = "<group>";
		};
		CA8E2B6026AB0F700063E38D /* API */ = {
			isa = PBXGroup;
			children = (
				CACCC316269D88010024C5BF /* UserAPI.swift */,
				CACCC323269DCAE00024C5BF /* GroupAPI.swift */,
				CA437F2426BE859800406575 /* FeedAPI.swift */,
				CAC13DE8269E00EC00C79A7D /* PhotoAPI.swift */,
			);
			path = API;
			sourceTree = "<group>";
		};
		CAABB45A26995D8F004944AE /* Services */ = {
			isa = PBXGroup;
			children = (
				CA8E2B6026AB0F700063E38D /* API */,
			);
			path = Services;
			sourceTree = "<group>";
		};
		CAC13DE1269DECA000C79A7D /* User */ = {
			isa = PBXGroup;
			children = (
				CACCC318269D8FFF0024C5BF /* UserInfoViewController.swift */,
			);
			path = User;
			sourceTree = "<group>";
		};
		CAC13DE2269DECAA00C79A7D /* Groups */ = {
			isa = PBXGroup;
			children = (
				CACCC31F269DC2FB0024C5BF /* GroupTableViewController.swift */,
				CACCC321269DC3E10024C5BF /* GroupTableViewCell.swift */,
				CAC13DE3269DED8A00C79A7D /* GroupTableViewCellNoDesc.swift */,
			);
			path = Groups;
			sourceTree = "<group>";
		};
		CAC13DE7269DFBA100C79A7D /* Photos */ = {
			isa = PBXGroup;
			children = (
				CAC13DE5269DFB9900C79A7D /* PhotoCollectionViewController.swift */,
				CAC13DEF269E0B9B00C79A7D /* PhotoCollectionViewCell.swift */,
			);
			path = Photos;
			sourceTree = "<group>";
		};
		CACCC312269D83A10024C5BF /* CustomUIControllers */ = {
			isa = PBXGroup;
			children = (
				CACCC310269D82510024C5BF /* RoundedImageView.swift */,
			);
			path = CustomUIControllers;
			sourceTree = "<group>";
		};
		CACCC313269D84C20024C5BF /* Models */ = {
			isa = PBXGroup;
			children = (
				CAD3ABE3269892E20020BF1F /* Session.swift */,
				CACCC314269D87060024C5BF /* User.swift */,
				CACCC31D269DBCDE0024C5BF /* Group.swift */,
				CA437F1F26BE84F300406575 /* Feed.swift */,
				CAC13DED269E05CA00C79A7D /* Photo.swift */,
			);
			path = Models;
			sourceTree = "<group>";
		};
/* End PBXGroup section */

/* Begin PBXNativeTarget section */
		CA6A8FD72695F76C00009ABC /* ys-client-server-1347 */ = {
			isa = PBXNativeTarget;
			buildConfigurationList = CA6A8FEC2695F77100009ABC /* Build configuration list for PBXNativeTarget "ys-client-server-1347" */;
			buildPhases = (
				CA6A8FD42695F76C00009ABC /* Sources */,
				CA6A8FD52695F76C00009ABC /* Frameworks */,
				CA6A8FD62695F76C00009ABC /* Resources */,
			);
			buildRules = (
			);
			dependencies = (
			);
			name = "ys-client-server-1347";
			packageProductDependencies = (
				CACCC30E269D7ED10024C5BF /* Alamofire */,
				CACCC31B269DAABA0024C5BF /* AlamofireImage */,
			);
			productName = "ys-client-server-1347";
			productReference = CA6A8FD82695F76C00009ABC /* ys-client-server-1347.app */;
			productType = "com.apple.product-type.application";
		};
/* End PBXNativeTarget section */

/* Begin PBXProject section */
		CA6A8FD02695F76C00009ABC /* Project object */ = {
			isa = PBXProject;
			attributes = {
				LastSwiftUpdateCheck = 1250;
				LastUpgradeCheck = 1250;
				TargetAttributes = {
					CA6A8FD72695F76C00009ABC = {
						CreatedOnToolsVersion = 12.5;
					};
				};
			};
			buildConfigurationList = CA6A8FD32695F76C00009ABC /* Build configuration list for PBXProject "ys-client-server-1347" */;
			compatibilityVersion = "Xcode 9.3";
			developmentRegion = en;
			hasScannedForEncodings = 0;
			knownRegions = (
				en,
				Base,
			);
			mainGroup = CA6A8FCF2695F76C00009ABC;
			packageReferences = (
				CACCC30D269D7ED10024C5BF /* XCRemoteSwiftPackageReference "Alamofire" */,
				CACCC31A269DAABA0024C5BF /* XCRemoteSwiftPackageReference "AlamofireImage" */,
			);
			productRefGroup = CA6A8FD92695F76C00009ABC /* Products */;
			projectDirPath = "";
			projectRoot = "";
			targets = (
				CA6A8FD72695F76C00009ABC /* ys-client-server-1347 */,
			);
		};
/* End PBXProject section */

/* Begin PBXResourcesBuildPhase section */
		CA6A8FD62695F76C00009ABC /* Resources */ = {
			isa = PBXResourcesBuildPhase;
			buildActionMask = 2147483647;
			files = (
				CA6A8FE82695F77100009ABC /* LaunchScreen.storyboard in Resources */,
				CA23398426B4FC4000A23F01 /* GoogleService-Info.plist in Resources */,
				CA6A8FE52695F77100009ABC /* Assets.xcassets in Resources */,
				CA6A8FE32695F76C00009ABC /* Main.storyboard in Resources */,
			);
			runOnlyForDeploymentPostprocessing = 0;
		};
/* End PBXResourcesBuildPhase section */

/* Begin PBXSourcesBuildPhase section */
		CA6A8FD42695F76C00009ABC /* Sources */ = {
			isa = PBXSourcesBuildPhase;
			buildActionMask = 2147483647;
			files = (
				CA437F2526BE859800406575 /* FeedAPI.swift in Sources */,
				CACCC31E269DBCDE0024C5BF /* Group.swift in Sources */,
				CA437F2026BE84F300406575 /* Feed.swift in Sources */,
				CA437F2226BE853700406575 /* FeedTableViewController.swift in Sources */,
				CACCC320269DC2FB0024C5BF /* GroupTableViewController.swift in Sources */,
				CACCC311269D82510024C5BF /* RoundedImageView.swift in Sources */,
				CAD3ABE4269892E20020BF1F /* Session.swift in Sources */,
				CACCC322269DC3E10024C5BF /* GroupTableViewCell.swift in Sources */,
				CAC13DF0269E0B9B00C79A7D /* PhotoCollectionViewCell.swift in Sources */,
				CAD3ABE0269892090020BF1F /* FirstViewController.swift in Sources */,
				CAC13DE4269DED8A00C79A7D /* GroupTableViewCellNoDesc.swift in Sources */,
				CACCC315269D87060024C5BF /* User.swift in Sources */,
				CA7A668126BEF17800B5E19C /* FeedTableViewCell.swift in Sources */,
				CAC13DE9269E00EC00C79A7D /* PhotoAPI.swift in Sources */,
				CA6A8FDC2695F76C00009ABC /* AppDelegate.swift in Sources */,
				CAC13DEE269E05CA00C79A7D /* Photo.swift in Sources */,
				CAC13DE6269DFB9900C79A7D /* PhotoCollectionViewController.swift in Sources */,
				CACCC324269DCAE00024C5BF /* GroupAPI.swift in Sources */,
				CACCC319269D8FFF0024C5BF /* UserInfoViewController.swift in Sources */,
				CA6A8FDE2695F76C00009ABC /* SceneDelegate.swift in Sources */,
				CACCC317269D88010024C5BF /* UserAPI.swift in Sources */,
			);
			runOnlyForDeploymentPostprocessing = 0;
		};
/* End PBXSourcesBuildPhase section */

/* Begin PBXVariantGroup section */
		CA6A8FE12695F76C00009ABC /* Main.storyboard */ = {
			isa = PBXVariantGroup;
			children = (
				CA6A8FE22695F76C00009ABC /* Base */,
			);
			name = Main.storyboard;
			sourceTree = "<group>";
		};
		CA6A8FE62695F77100009ABC /* LaunchScreen.storyboard */ = {
			isa = PBXVariantGroup;
			children = (
				CA6A8FE72695F77100009ABC /* Base */,
			);
			name = LaunchScreen.storyboard;
			sourceTree = "<group>";
		};
/* End PBXVariantGroup section */

/* Begin XCBuildConfiguration section */
		CA6A8FEA2695F77100009ABC /* Debug */ = {
			isa = XCBuildConfiguration;
			buildSettings = {
				ALWAYS_SEARCH_USER_PATHS = NO;
				CLANG_ANALYZER_NONNULL = YES;
				CLANG_ANALYZER_NUMBER_OBJECT_CONVERSION = YES_AGGRESSIVE;
				CLANG_CXX_LANGUAGE_STANDARD = "gnu++14";
				CLANG_CXX_LIBRARY = "libc++";
				CLANG_ENABLE_MODULES = YES;
				CLANG_ENABLE_OBJC_ARC = YES;
				CLANG_ENABLE_OBJC_WEAK = YES;
				CLANG_WARN_BLOCK_CAPTURE_AUTORELEASING = YES;
				CLANG_WARN_BOOL_CONVERSION = YES;
				CLANG_WARN_COMMA = YES;
				CLANG_WARN_CONSTANT_CONVERSION = YES;
				CLANG_WARN_DEPRECATED_OBJC_IMPLEMENTATIONS = YES;
				CLANG_WARN_DIRECT_OBJC_ISA_USAGE = YES_ERROR;
				CLANG_WARN_DOCUMENTATION_COMMENTS = YES;
				CLANG_WARN_EMPTY_BODY = YES;
				CLANG_WARN_ENUM_CONVERSION = YES;
				CLANG_WARN_INFINITE_RECURSION = YES;
				CLANG_WARN_INT_CONVERSION = YES;
				CLANG_WARN_NON_LITERAL_NULL_CONVERSION = YES;
				CLANG_WARN_OBJC_IMPLICIT_RETAIN_SELF = YES;
				CLANG_WARN_OBJC_LITERAL_CONVERSION = YES;
				CLANG_WARN_OBJC_ROOT_CLASS = YES_ERROR;
				CLANG_WARN_QUOTED_INCLUDE_IN_FRAMEWORK_HEADER = YES;
				CLANG_WARN_RANGE_LOOP_ANALYSIS = YES;
				CLANG_WARN_STRICT_PROTOTYPES = YES;
				CLANG_WARN_SUSPICIOUS_MOVE = YES;
				CLANG_WARN_UNGUARDED_AVAILABILITY = YES_AGGRESSIVE;
				CLANG_WARN_UNREACHABLE_CODE = YES;
				CLANG_WARN__DUPLICATE_METHOD_MATCH = YES;
				COPY_PHASE_STRIP = NO;
				DEBUG_INFORMATION_FORMAT = dwarf;
				ENABLE_STRICT_OBJC_MSGSEND = YES;
				ENABLE_TESTABILITY = YES;
				GCC_C_LANGUAGE_STANDARD = gnu11;
				GCC_DYNAMIC_NO_PIC = NO;
				GCC_NO_COMMON_BLOCKS = YES;
				GCC_OPTIMIZATION_LEVEL = 0;
				GCC_PREPROCESSOR_DEFINITIONS = (
					"DEBUG=1",
					"$(inherited)",
				);
				GCC_WARN_64_TO_32_BIT_CONVERSION = YES;
				GCC_WARN_ABOUT_RETURN_TYPE = YES_ERROR;
				GCC_WARN_UNDECLARED_SELECTOR = YES;
				GCC_WARN_UNINITIALIZED_AUTOS = YES_AGGRESSIVE;
				GCC_WARN_UNUSED_FUNCTION = YES;
				GCC_WARN_UNUSED_VARIABLE = YES;
				IPHONEOS_DEPLOYMENT_TARGET = 14.5;
				MTL_ENABLE_DEBUG_INFO = INCLUDE_SOURCE;
				MTL_FAST_MATH = YES;
				ONLY_ACTIVE_ARCH = YES;
				SDKROOT = iphoneos;
				SWIFT_ACTIVE_COMPILATION_CONDITIONS = DEBUG;
				SWIFT_OPTIMIZATION_LEVEL = "-Onone";
			};
			name = Debug;
		};
		CA6A8FEB2695F77100009ABC /* Release */ = {
			isa = XCBuildConfiguration;
			buildSettings = {
				ALWAYS_SEARCH_USER_PATHS = NO;
				CLANG_ANALYZER_NONNULL = YES;
				CLANG_ANALYZER_NUMBER_OBJECT_CONVERSION = YES_AGGRESSIVE;
				CLANG_CXX_LANGUAGE_STANDARD = "gnu++14";
				CLANG_CXX_LIBRARY = "libc++";
				CLANG_ENABLE_MODULES = YES;
				CLANG_ENABLE_OBJC_ARC = YES;
				CLANG_ENABLE_OBJC_WEAK = YES;
				CLANG_WARN_BLOCK_CAPTURE_AUTORELEASING = YES;
				CLANG_WARN_BOOL_CONVERSION = YES;
				CLANG_WARN_COMMA = YES;
				CLANG_WARN_CONSTANT_CONVERSION = YES;
				CLANG_WARN_DEPRECATED_OBJC_IMPLEMENTATIONS = YES;
				CLANG_WARN_DIRECT_OBJC_ISA_USAGE = YES_ERROR;
				CLANG_WARN_DOCUMENTATION_COMMENTS = YES;
				CLANG_WARN_EMPTY_BODY = YES;
				CLANG_WARN_ENUM_CONVERSION = YES;
				CLANG_WARN_INFINITE_RECURSION = YES;
				CLANG_WARN_INT_CONVERSION = YES;
				CLANG_WARN_NON_LITERAL_NULL_CONVERSION = YES;
				CLANG_WARN_OBJC_IMPLICIT_RETAIN_SELF = YES;
				CLANG_WARN_OBJC_LITERAL_CONVERSION = YES;
				CLANG_WARN_OBJC_ROOT_CLASS = YES_ERROR;
				CLANG_WARN_QUOTED_INCLUDE_IN_FRAMEWORK_HEADER = YES;
				CLANG_WARN_RANGE_LOOP_ANALYSIS = YES;
				CLANG_WARN_STRICT_PROTOTYPES = YES;
				CLANG_WARN_SUSPICIOUS_MOVE = YES;
				CLANG_WARN_UNGUARDED_AVAILABILITY = YES_AGGRESSIVE;
				CLANG_WARN_UNREACHABLE_CODE = YES;
				CLANG_WARN__DUPLICATE_METHOD_MATCH = YES;
				COPY_PHASE_STRIP = NO;
				DEBUG_INFORMATION_FORMAT = "dwarf-with-dsym";
				ENABLE_NS_ASSERTIONS = NO;
				ENABLE_STRICT_OBJC_MSGSEND = YES;
				GCC_C_LANGUAGE_STANDARD = gnu11;
				GCC_NO_COMMON_BLOCKS = YES;
				GCC_WARN_64_TO_32_BIT_CONVERSION = YES;
				GCC_WARN_ABOUT_RETURN_TYPE = YES_ERROR;
				GCC_WARN_UNDECLARED_SELECTOR = YES;
				GCC_WARN_UNINITIALIZED_AUTOS = YES_AGGRESSIVE;
				GCC_WARN_UNUSED_FUNCTION = YES;
				GCC_WARN_UNUSED_VARIABLE = YES;
				IPHONEOS_DEPLOYMENT_TARGET = 14.5;
				MTL_ENABLE_DEBUG_INFO = NO;
				MTL_FAST_MATH = YES;
				SDKROOT = iphoneos;
				SWIFT_COMPILATION_MODE = wholemodule;
				SWIFT_OPTIMIZATION_LEVEL = "-O";
				VALIDATE_PRODUCT = YES;
			};
			name = Release;
		};
		CA6A8FED2695F77100009ABC /* Debug */ = {
			isa = XCBuildConfiguration;
			buildSettings = {
				ASSETCATALOG_COMPILER_APPICON_NAME = AppIcon;
				ASSETCATALOG_COMPILER_GLOBAL_ACCENT_COLOR_NAME = AccentColor;
				CODE_SIGN_STYLE = Automatic;
				DEVELOPMENT_TEAM = 4NK62H99X6;
				INFOPLIST_FILE = "ys-client-server-1347/Resources/Info.plist";
				LD_RUNPATH_SEARCH_PATHS = (
					"$(inherited)",
					"@executable_path/Frameworks",
				);
				PRODUCT_BUNDLE_IDENTIFIER = "jareksedy.ys-client-server-1347";
				PRODUCT_NAME = "$(TARGET_NAME)";
				SWIFT_VERSION = 5.0;
				TARGETED_DEVICE_FAMILY = "1,2";
			};
			name = Debug;
		};
		CA6A8FEE2695F77100009ABC /* Release */ = {
			isa = XCBuildConfiguration;
			buildSettings = {
				ASSETCATALOG_COMPILER_APPICON_NAME = AppIcon;
				ASSETCATALOG_COMPILER_GLOBAL_ACCENT_COLOR_NAME = AccentColor;
				CODE_SIGN_STYLE = Automatic;
				DEVELOPMENT_TEAM = 4NK62H99X6;
				INFOPLIST_FILE = "ys-client-server-1347/Resources/Info.plist";
				LD_RUNPATH_SEARCH_PATHS = (
					"$(inherited)",
					"@executable_path/Frameworks",
				);
				PRODUCT_BUNDLE_IDENTIFIER = "jareksedy.ys-client-server-1347";
				PRODUCT_NAME = "$(TARGET_NAME)";
				SWIFT_VERSION = 5.0;
				TARGETED_DEVICE_FAMILY = "1,2";
			};
			name = Release;
		};
/* End XCBuildConfiguration section */

/* Begin XCConfigurationList section */
		CA6A8FD32695F76C00009ABC /* Build configuration list for PBXProject "ys-client-server-1347" */ = {
			isa = XCConfigurationList;
			buildConfigurations = (
				CA6A8FEA2695F77100009ABC /* Debug */,
				CA6A8FEB2695F77100009ABC /* Release */,
			);
			defaultConfigurationIsVisible = 0;
			defaultConfigurationName = Release;
		};
		CA6A8FEC2695F77100009ABC /* Build configuration list for PBXNativeTarget "ys-client-server-1347" */ = {
			isa = XCConfigurationList;
			buildConfigurations = (
				CA6A8FED2695F77100009ABC /* Debug */,
				CA6A8FEE2695F77100009ABC /* Release */,
			);
			defaultConfigurationIsVisible = 0;
			defaultConfigurationName = Release;
		};
/* End XCConfigurationList section */

/* Begin XCRemoteSwiftPackageReference section */
		CACCC30D269D7ED10024C5BF /* XCRemoteSwiftPackageReference "Alamofire" */ = {
			isa = XCRemoteSwiftPackageReference;
			repositoryURL = "https://github.com/Alamofire/Alamofire.git";
			requirement = {
				kind = upToNextMajorVersion;
				minimumVersion = 5.4.3;
			};
		};
		CACCC31A269DAABA0024C5BF /* XCRemoteSwiftPackageReference "AlamofireImage" */ = {
			isa = XCRemoteSwiftPackageReference;
			repositoryURL = "https://github.com/Alamofire/AlamofireImage.git";
			requirement = {
				kind = upToNextMajorVersion;
				minimumVersion = 4.2.0;
			};
		};
/* End XCRemoteSwiftPackageReference section */

/* Begin XCSwiftPackageProductDependency section */
		CACCC30E269D7ED10024C5BF /* Alamofire */ = {
			isa = XCSwiftPackageProductDependency;
			package = CACCC30D269D7ED10024C5BF /* XCRemoteSwiftPackageReference "Alamofire" */;
			productName = Alamofire;
		};
		CACCC31B269DAABA0024C5BF /* AlamofireImage */ = {
			isa = XCSwiftPackageProductDependency;
			package = CACCC31A269DAABA0024C5BF /* XCRemoteSwiftPackageReference "AlamofireImage" */;
			productName = AlamofireImage;
		};
/* End XCSwiftPackageProductDependency section */
	};
	rootObject = CA6A8FD02695F76C00009ABC /* Project object */;
}
